lockfileVersion: '9.0'

settings:
  autoInstallPeers: true
  excludeLinksFromLockfile: false

importers:

  .:
    dependencies:
      ohm-js:
        specifier: ^17.5.0
        version: 17.5.0
    devDependencies:
      vscode-oniguruma:
        specifier: ^2.0.1
        version: 2.0.1
      vscode-textmate:
        specifier: ^9.3.2
        version: 9.3.2

packages:

  ohm-js@17.5.0:
    resolution: {integrity: sha512-l4Sa7026+6jsvYbt0PXKmL+f+ML32fD++IznLgxDhx2t9Cx6NC7zwRqblCujPHGGmkQerHoeBzRutdxaw/S72g==}
    engines: {node: '>=0.12.1'}

  vscode-oniguruma@2.0.1:
    resolution: {integrity: sha512-poJU8iHIWnC3vgphJnrLZyI3YdqRlR27xzqDmpPXYzA93R4Gk8z7T6oqDzDoHjoikA2aS82crdXFkjELCdJsjQ==}

  vscode-textmate@9.3.2:
    resolution: {integrity: sha512-n2uGbUcrjhUEBH16uGA0TvUfhWwliFZ1e3+pTjrkim1Mt7ydB41lV08aUvsi70OlzDWp6X7Bx3w/x3fAXIsN0Q==}

snapshots:

  ohm-js@17.5.0: {}

  vscode-oniguruma@2.0.1: {}

  vscode-textmate@9.3.2: {}
